
Microsoft Visual Studio Solution File, Format Version 12.00
# Visual Studio Version 17
VisualStudioVersion = 17.0.32112.339
MinimumVisualStudioVersion = 10.0.40219.1
Project("{8BC9CEB8-8B4A-11D0-8D11-00A0C91BC942}") = "ManifoldPrototype2", "ManifoldPrototype2.vcxproj", "{46B8A679-2A6E-44BA-AF41-F48E52A16A6F}"
EndProject
Global
	GlobalSection(SolutionConfigurationPlatforms) = preSolution
		Debug|x64 = Debug|x64
		Debug|x86 = Debug|x86
		Release|x64 = Release|x64
		Release|x86 = Release|x86
	EndGlobalSection
	GlobalSection(ProjectConfigurationPlatforms) = postSolution
		{46B8A679-2A6E-44BA-AF41-F48E52A16A6F}.Debug|x64.ActiveCfg = Debug|x64
		{46B8A679-2A6E-44BA-AF41-F48E52A16A6F}.Debug|x64.Build.0 = Debug|x64
		{46B8A679-2A6E-44BA-AF41-F48E52A16A6F}.Debug|x86.ActiveCfg = Debug|Win32
		{46B8A679-2A6E-44BA-AF41-F48E52A16A6F}.Debug|x86.Build.0 = Debug|Win32
		{46B8A679-2A6E-44BA-AF41-F48E52A16A6F}.Release|x64.ActiveCfg = Release|x64
		{46B8A679-2A6E-44BA-AF41-F48E52A16A6F}.Release|x64.Build.0 = Release|x64
		{46B8A679-2A6E-44BA-AF41-F48E52A16A6F}.Release|x86.ActiveCfg = Release|Win32
		{46B8A679-2A6E-44BA-AF41-F48E52A16A6F}.Release|x86.Build.0 = Release|Win32
	EndGlobalSection
	GlobalSection(SolutionProperties) = preSolution
		HideSolutionNode = FALSE
	EndGlobalSection
	GlobalSection(ExtensibilityGlobals) = postSolution
		SolutionGuid = {E3DCD471-5A32-46F7-A76B-C7FF77DA4FBD}
	EndGlobalSection
EndGlobal
